
Microsoft Visual Studio Solution File, Format Version 12.00
# Visual Studio Version 16
VisualStudioVersion = 16.0.31112.23
MinimumVisualStudioVersion = 10.0.40219.1
Project("{9A19103F-16F7-4668-BE54-9A1E7A4F7556}") = "main", "PrimerProyecto\main.csproj", "{D5644674-0FC5-45A6-82AD-BA1B94B61A9F}"
EndProject
Project("{2150E333-8FDC-42A3-9474-1A3956D46DE8}") = "Manejo de Valores", "Manejo de Valores", "{E14D8BD5-1A1B-492E-A0EC-885ED8BC0D49}"
EndProject
Project("{9A19103F-16F7-4668-BE54-9A1E7A4F7556}") = "Cadenas", "Cadenas\Cadenas.csproj", "{124AE259-A9DD-4968-954E-EEE6AA7FD6D6}"
EndProject
Project("{2150E333-8FDC-42A3-9474-1A3956D46DE8}") = "Conectores", "Conectores", "{79E4FB09-2DBD-474D-845C-A841D594C13F}"
EndProject
Project("{9A19103F-16F7-4668-BE54-9A1E7A4F7556}") = "ConectorSqlServer", "ConectorSqlServer\ConectorSqlServer.csproj", "{289C8064-0ED6-47C1-B56F-6250B232C80D}"
EndProject
Project("{FAE04EC0-301F-11D3-BF4B-00C04F79EFBC}") = "ManejoDeValores", "ManejoDeValores\ManejoDeValores.csproj", "{4DF44BB6-B950-4E3E-A06B-819CFE6FC273}"
EndProject
Global
	GlobalSection(SolutionConfigurationPlatforms) = preSolution
		Debug|Any CPU = Debug|Any CPU
		Release|Any CPU = Release|Any CPU
	EndGlobalSection
	GlobalSection(ProjectConfigurationPlatforms) = postSolution
		{D5644674-0FC5-45A6-82AD-BA1B94B61A9F}.Debug|Any CPU.ActiveCfg = Debug|Any CPU
		{D5644674-0FC5-45A6-82AD-BA1B94B61A9F}.Debug|Any CPU.Build.0 = Debug|Any CPU
		{D5644674-0FC5-45A6-82AD-BA1B94B61A9F}.Release|Any CPU.ActiveCfg = Release|Any CPU
		{D5644674-0FC5-45A6-82AD-BA1B94B61A9F}.Release|Any CPU.Build.0 = Release|Any CPU
		{124AE259-A9DD-4968-954E-EEE6AA7FD6D6}.Debug|Any CPU.ActiveCfg = Debug|Any CPU
		{124AE259-A9DD-4968-954E-EEE6AA7FD6D6}.Debug|Any CPU.Build.0 = Debug|Any CPU
		{124AE259-A9DD-4968-954E-EEE6AA7FD6D6}.Release|Any CPU.ActiveCfg = Release|Any CPU
		{124AE259-A9DD-4968-954E-EEE6AA7FD6D6}.Release|Any CPU.Build.0 = Release|Any CPU
		{289C8064-0ED6-47C1-B56F-6250B232C80D}.Debug|Any CPU.ActiveCfg = Debug|Any CPU
		{289C8064-0ED6-47C1-B56F-6250B232C80D}.Debug|Any CPU.Build.0 = Debug|Any CPU
		{289C8064-0ED6-47C1-B56F-6250B232C80D}.Release|Any CPU.ActiveCfg = Release|Any CPU
		{289C8064-0ED6-47C1-B56F-6250B232C80D}.Release|Any CPU.Build.0 = Release|Any CPU
		{4DF44BB6-B950-4E3E-A06B-819CFE6FC273}.Debug|Any CPU.ActiveCfg = Debug|Any CPU
		{4DF44BB6-B950-4E3E-A06B-819CFE6FC273}.Debug|Any CPU.Build.0 = Debug|Any CPU
		{4DF44BB6-B950-4E3E-A06B-819CFE6FC273}.Release|Any CPU.ActiveCfg = Release|Any CPU
		{4DF44BB6-B950-4E3E-A06B-819CFE6FC273}.Release|Any CPU.Build.0 = Release|Any CPU
	EndGlobalSection
	GlobalSection(SolutionProperties) = preSolution
		HideSolutionNode = FALSE
	EndGlobalSection
	GlobalSection(NestedProjects) = preSolution
		{124AE259-A9DD-4968-954E-EEE6AA7FD6D6} = {E14D8BD5-1A1B-492E-A0EC-885ED8BC0D49}
		{289C8064-0ED6-47C1-B56F-6250B232C80D} = {79E4FB09-2DBD-474D-845C-A841D594C13F}
		{4DF44BB6-B950-4E3E-A06B-819CFE6FC273} = {E14D8BD5-1A1B-492E-A0EC-885ED8BC0D49}
	EndGlobalSection
	GlobalSection(ExtensibilityGlobals) = postSolution
		SolutionGuid = {1D170900-9DEF-4F36-B774-AFC630804C3F}
	EndGlobalSection
EndGlobal
